
Microsoft Visual Studio Solution File, Format Version 11.00
# Visual Studio 2010
Project("{FAE04EC0-301F-11D3-BF4B-00C04F79EFBC}") = "GMATechProject.Web", "GMATechProject.Web\GMATechProject.Web.csproj", "{85552F46-6DD3-4AB4-B7EE-AE1661F0E795}"
EndProject
Project("{FAE04EC0-301F-11D3-BF4B-00C04F79EFBC}") = "GMATechProject.Domain", "GMATechProject.Domain\GMATechProject.Domain.csproj", "{A4748038-5DF9-4065-96A0-F87B6D422FAB}"
EndProject
Project("{FAE04EC0-301F-11D3-BF4B-00C04F79EFBC}") = "GMATechProject.Tests", "GMATechProject.Domain.Tests\GMATechProject.Tests.csproj", "{CCE0EA17-90D4-4A2D-B261-98E9E60856CA}"
EndProject
Project("{2150E333-8FDC-42A3-9474-1A3956D46DE8}") = "Scripts", "Scripts", "{0B2523F3-7519-4FC0-9427-CB1FF681422E}"
	ProjectSection(SolutionItems) = preProject
		Build-GMATechProject-Mono.sh = Build-GMATechProject-Mono.sh
		build-nginx.sh = build-nginx.sh
		MongodStart.bat = MongodStart.bat
		MonoStart.bat = MonoStart.bat
		PushGMATechProjectToProduction.sh = PushGMATechProjectToProduction.sh
		ReGitGMATechProject.sh = ReGitGMATechProject.sh
		UpdateGMATechProject.sh = UpdateGMATechProject.sh
	EndProjectSection
EndProject
Global
	GlobalSection(SolutionConfigurationPlatforms) = preSolution
		Debug|x86 = Debug|x86
		Release|x86 = Release|x86
		MonoDebug|Any CPU = MonoDebug|Any CPU
		MonoRelease|Any CPU = MonoRelease|Any CPU
		MonoDebug|x86 = MonoDebug|x86
		MonoRelease|x86 = MonoRelease|x86
	EndGlobalSection
	GlobalSection(ProjectConfigurationPlatforms) = postSolution
		{85552F46-6DD3-4AB4-B7EE-AE1661F0E795}.Debug|x86.ActiveCfg = Debug|Any CPU
		{85552F46-6DD3-4AB4-B7EE-AE1661F0E795}.Debug|x86.Build.0 = Debug|Any CPU
		{85552F46-6DD3-4AB4-B7EE-AE1661F0E795}.MonoDebug|Any CPU.ActiveCfg = MonoDebug|Any CPU
		{85552F46-6DD3-4AB4-B7EE-AE1661F0E795}.MonoDebug|Any CPU.Build.0 = MonoDebug|Any CPU
		{85552F46-6DD3-4AB4-B7EE-AE1661F0E795}.MonoDebug|x86.ActiveCfg = MonoDebug|Any CPU
		{85552F46-6DD3-4AB4-B7EE-AE1661F0E795}.MonoDebug|x86.Build.0 = MonoDebug|Any CPU
		{85552F46-6DD3-4AB4-B7EE-AE1661F0E795}.MonoRelease|Any CPU.ActiveCfg = MonoRelease|Any CPU
		{85552F46-6DD3-4AB4-B7EE-AE1661F0E795}.MonoRelease|Any CPU.Build.0 = MonoRelease|Any CPU
		{85552F46-6DD3-4AB4-B7EE-AE1661F0E795}.MonoRelease|x86.ActiveCfg = MonoRelease|Any CPU
		{85552F46-6DD3-4AB4-B7EE-AE1661F0E795}.MonoRelease|x86.Build.0 = MonoRelease|Any CPU
		{85552F46-6DD3-4AB4-B7EE-AE1661F0E795}.Release|x86.ActiveCfg = Release|Any CPU
		{85552F46-6DD3-4AB4-B7EE-AE1661F0E795}.Release|x86.Build.0 = Release|Any CPU
		{A4748038-5DF9-4065-96A0-F87B6D422FAB}.Debug|x86.ActiveCfg = Debug|x86
		{A4748038-5DF9-4065-96A0-F87B6D422FAB}.Debug|x86.Build.0 = Debug|x86
		{A4748038-5DF9-4065-96A0-F87B6D422FAB}.MonoDebug|Any CPU.ActiveCfg = MonoDebug|x86
		{A4748038-5DF9-4065-96A0-F87B6D422FAB}.MonoDebug|Any CPU.Build.0 = MonoDebug|x86
		{A4748038-5DF9-4065-96A0-F87B6D422FAB}.MonoDebug|x86.ActiveCfg = MonoDebug|x86
		{A4748038-5DF9-4065-96A0-F87B6D422FAB}.MonoDebug|x86.Build.0 = MonoDebug|x86
		{A4748038-5DF9-4065-96A0-F87B6D422FAB}.MonoRelease|Any CPU.ActiveCfg = MonoRelease|x86
		{A4748038-5DF9-4065-96A0-F87B6D422FAB}.MonoRelease|Any CPU.Build.0 = MonoRelease|x86
		{A4748038-5DF9-4065-96A0-F87B6D422FAB}.MonoRelease|x86.ActiveCfg = MonoRelease|x86
		{A4748038-5DF9-4065-96A0-F87B6D422FAB}.MonoRelease|x86.Build.0 = MonoRelease|x86
		{A4748038-5DF9-4065-96A0-F87B6D422FAB}.Release|x86.ActiveCfg = Release|x86
		{A4748038-5DF9-4065-96A0-F87B6D422FAB}.Release|x86.Build.0 = Release|x86
		{CCE0EA17-90D4-4A2D-B261-98E9E60856CA}.Debug|x86.ActiveCfg = Debug|x86
		{CCE0EA17-90D4-4A2D-B261-98E9E60856CA}.Debug|x86.Build.0 = Debug|x86
		{CCE0EA17-90D4-4A2D-B261-98E9E60856CA}.MonoDebug|Any CPU.ActiveCfg = Debug|x86
		{CCE0EA17-90D4-4A2D-B261-98E9E60856CA}.MonoDebug|Any CPU.Build.0 = Debug|x86
		{CCE0EA17-90D4-4A2D-B261-98E9E60856CA}.MonoDebug|x86.ActiveCfg = Debug|x86
		{CCE0EA17-90D4-4A2D-B261-98E9E60856CA}.MonoDebug|x86.Build.0 = Debug|x86
		{CCE0EA17-90D4-4A2D-B261-98E9E60856CA}.MonoRelease|Any CPU.ActiveCfg = Debug|x86
		{CCE0EA17-90D4-4A2D-B261-98E9E60856CA}.MonoRelease|Any CPU.Build.0 = Debug|x86
		{CCE0EA17-90D4-4A2D-B261-98E9E60856CA}.MonoRelease|x86.ActiveCfg = Debug|x86
		{CCE0EA17-90D4-4A2D-B261-98E9E60856CA}.MonoRelease|x86.Build.0 = Debug|x86
		{CCE0EA17-90D4-4A2D-B261-98E9E60856CA}.Release|x86.ActiveCfg = Release|x86
		{CCE0EA17-90D4-4A2D-B261-98E9E60856CA}.Release|x86.Build.0 = Release|x86
	EndGlobalSection
	GlobalSection(NestedProjects) = preSolution
	EndGlobalSection
	GlobalSection(MonoDevelopProperties) = preSolution
		StartupItem = GMATechProject.Web\GMATechProject.Web.csproj
	EndGlobalSection
EndGlobal
